
Microsoft Visual Studio Solution File, Format Version 12.00
# Visual Studio Version 16
VisualStudioVersion = 16.0.29009.5
MinimumVisualStudioVersion = 10.0.40219.1
Project("{FAE04EC0-301F-11D3-BF4B-00C04F79EFBC}") = "CommentInsight", "CommentInsight\CommentInsight.csproj", "{AA0A5F40-5379-4560-9344-D9681E8E8BC2}"
EndProject
Global
	GlobalSection(SolutionConfigurationPlatforms) = preSolution
		Debug|Any CPU = Debug|Any CPU
		Release|Any CPU = Release|Any CPU
	EndGlobalSection
	GlobalSection(ProjectConfigurationPlatforms) = postSolution
		{AA0A5F40-5379-4560-9344-D9681E8E8BC2}.Debug|Any CPU.ActiveCfg = Debug|Any CPU
		{AA0A5F40-5379-4560-9344-D9681E8E8BC2}.Debug|Any CPU.Build.0 = Debug|Any CPU
		{AA0A5F40-5379-4560-9344-D9681E8E8BC2}.Release|Any CPU.ActiveCfg = Release|Any CPU
		{AA0A5F40-5379-4560-9344-D9681E8E8BC2}.Release|Any CPU.Build.0 = Release|Any CPU
	EndGlobalSection
	GlobalSection(SolutionProperties) = preSolution
		HideSolutionNode = FALSE
	EndGlobalSection
	GlobalSection(ExtensibilityGlobals) = postSolution
		SolutionGuid = {DAED7E2F-0F1A-4E1A-9C1E-D793F85D50F4}
	EndGlobalSection
EndGlobal
